
Microsoft Visual Studio Solution File, Format Version 12.00
Project("{FAE04EC0-301F-11D3-BF4B-00C04F79EFBC}") = "Playground", "Playground\Playground.csproj", "{F8C505CD-2C15-41D0-894A-131D8343B8E3}"
EndProject
Project("{FAE04EC0-301F-11D3-BF4B-00C04F79EFBC}") = "Playground.Tests", "Playground.Tests\Playground.Tests.csproj", "{67ECAB33-858F-4983-9418-9FBAB069D5FB}"
EndProject
Project("{2150E333-8FDC-42A3-9474-1A3956D46DE8}") = "SF", "SF", "{94A67688-BD1E-4BAA-A3F8-986D8716FAE7}"
	ProjectSection(SolutionItems) = preProject
		.gitignore = .gitignore
	EndProjectSection
EndProject
Global
	GlobalSection(SolutionConfigurationPlatforms) = preSolution
		Debug|Any CPU = Debug|Any CPU
		Release|Any CPU = Release|Any CPU
	EndGlobalSection
	GlobalSection(ProjectConfigurationPlatforms) = postSolution
		{F8C505CD-2C15-41D0-894A-131D8343B8E3}.Debug|Any CPU.ActiveCfg = Debug|Any CPU
		{F8C505CD-2C15-41D0-894A-131D8343B8E3}.Debug|Any CPU.Build.0 = Debug|Any CPU
		{F8C505CD-2C15-41D0-894A-131D8343B8E3}.Release|Any CPU.ActiveCfg = Release|Any CPU
		{F8C505CD-2C15-41D0-894A-131D8343B8E3}.Release|Any CPU.Build.0 = Release|Any CPU
		{67ECAB33-858F-4983-9418-9FBAB069D5FB}.Debug|Any CPU.ActiveCfg = Debug|Any CPU
		{67ECAB33-858F-4983-9418-9FBAB069D5FB}.Debug|Any CPU.Build.0 = Debug|Any CPU
		{67ECAB33-858F-4983-9418-9FBAB069D5FB}.Release|Any CPU.ActiveCfg = Release|Any CPU
		{67ECAB33-858F-4983-9418-9FBAB069D5FB}.Release|Any CPU.Build.0 = Release|Any CPU
	EndGlobalSection
EndGlobal
