
Microsoft Visual Studio Solution File, Format Version 12.00
Project("{2150E333-8FDC-42A3-9474-1A3956D46DE8}") = "examples", "examples", "{22D25DC3-AFB4-41A9-8AE9-EDFF9D49889F}"
EndProject
Project("{2150E333-8FDC-42A3-9474-1A3956D46DE8}") = "src", "src", "{B7E3623C-F471-402F-9B09-053BB37A36F4}"
EndProject
Project("{FAE04EC0-301F-11D3-BF4B-00C04F79EFBC}") = "TestsExtensions.Examples.xUnit", "examples\TestsExtensions.Examples.xUnit\TestsExtensions.Examples.xUnit.csproj", "{68C628F6-2012-4F5B-A94C-65E4D4ECE70C}"
EndProject
Project("{2150E333-8FDC-42A3-9474-1A3956D46DE8}") = "sf", "sf", "{406AA2CC-473B-4BA9-B99E-3FCFE2A4A63C}"
	ProjectSection(SolutionItems) = preProject
		.gitignore = .gitignore
	EndProjectSection
EndProject
Project("{FAE04EC0-301F-11D3-BF4B-00C04F79EFBC}") = "TestsExtensions.Examples", "examples\TestsExtensions.Examples\TestsExtensions.Examples.csproj", "{EC390CC5-5A7E-4B2C-A29D-F16A22BA75B9}"
EndProject
Project("{FAE04EC0-301F-11D3-BF4B-00C04F79EFBC}") = "TestsExtensions", "src\TestsExtensions\TestsExtensions.csproj", "{C495D7D8-3539-490F-8327-B2B6FFB40BAD}"
EndProject
Global
	GlobalSection(SolutionConfigurationPlatforms) = preSolution
		Debug|Any CPU = Debug|Any CPU
		Release|Any CPU = Release|Any CPU
	EndGlobalSection
	GlobalSection(NestedProjects) = preSolution
		{68C628F6-2012-4F5B-A94C-65E4D4ECE70C} = {22D25DC3-AFB4-41A9-8AE9-EDFF9D49889F}
		{EC390CC5-5A7E-4B2C-A29D-F16A22BA75B9} = {22D25DC3-AFB4-41A9-8AE9-EDFF9D49889F}
		{C495D7D8-3539-490F-8327-B2B6FFB40BAD} = {B7E3623C-F471-402F-9B09-053BB37A36F4}
	EndGlobalSection
	GlobalSection(ProjectConfigurationPlatforms) = postSolution
		{68C628F6-2012-4F5B-A94C-65E4D4ECE70C}.Debug|Any CPU.ActiveCfg = Debug|Any CPU
		{68C628F6-2012-4F5B-A94C-65E4D4ECE70C}.Debug|Any CPU.Build.0 = Debug|Any CPU
		{68C628F6-2012-4F5B-A94C-65E4D4ECE70C}.Release|Any CPU.ActiveCfg = Release|Any CPU
		{68C628F6-2012-4F5B-A94C-65E4D4ECE70C}.Release|Any CPU.Build.0 = Release|Any CPU
		{EC390CC5-5A7E-4B2C-A29D-F16A22BA75B9}.Debug|Any CPU.ActiveCfg = Debug|Any CPU
		{EC390CC5-5A7E-4B2C-A29D-F16A22BA75B9}.Debug|Any CPU.Build.0 = Debug|Any CPU
		{EC390CC5-5A7E-4B2C-A29D-F16A22BA75B9}.Release|Any CPU.ActiveCfg = Release|Any CPU
		{EC390CC5-5A7E-4B2C-A29D-F16A22BA75B9}.Release|Any CPU.Build.0 = Release|Any CPU
		{C495D7D8-3539-490F-8327-B2B6FFB40BAD}.Debug|Any CPU.ActiveCfg = Debug|Any CPU
		{C495D7D8-3539-490F-8327-B2B6FFB40BAD}.Debug|Any CPU.Build.0 = Debug|Any CPU
		{C495D7D8-3539-490F-8327-B2B6FFB40BAD}.Release|Any CPU.ActiveCfg = Release|Any CPU
		{C495D7D8-3539-490F-8327-B2B6FFB40BAD}.Release|Any CPU.Build.0 = Release|Any CPU
	EndGlobalSection
EndGlobal
